
Microsoft Visual Studio Solution File, Format Version 12.00
# Visual Studio Version 17
VisualStudioVersion = 17.10.35027.167
MinimumVisualStudioVersion = 10.0.40219.1
Project("{FAE04EC0-301F-11D3-BF4B-00C04F79EFBC}") = "File Manager", "File Manager.csproj", "{450D644B-B569-4318-BE4D-F10C50EFAB11}"
EndProject
Global
	GlobalSection(SolutionConfigurationPlatforms) = preSolution
		Debug|Any CPU = Debug|Any CPU
		Release|Any CPU = Release|Any CPU
	EndGlobalSection
	GlobalSection(ProjectConfigurationPlatforms) = postSolution
		{450D644B-B569-4318-BE4D-F10C50EFAB11}.Debug|Any CPU.ActiveCfg = Debug|Any CPU
		{450D644B-B569-4318-BE4D-F10C50EFAB11}.Debug|Any CPU.Build.0 = Debug|Any CPU
		{450D644B-B569-4318-BE4D-F10C50EFAB11}.Release|Any CPU.ActiveCfg = Release|Any CPU
		{450D644B-B569-4318-BE4D-F10C50EFAB11}.Release|Any CPU.Build.0 = Release|Any CPU
	EndGlobalSection
	GlobalSection(SolutionProperties) = preSolution
		HideSolutionNode = FALSE
	EndGlobalSection
	GlobalSection(ExtensibilityGlobals) = postSolution
		SolutionGuid = {B0396D4E-49CC-4B4E-B9DE-6D5F97D4DC5F}
	EndGlobalSection
EndGlobal
